
Microsoft Visual Studio Solution File, Format Version 12.00
# Blend for Visual Studio Version 16
VisualStudioVersion = 16.0.31112.23
MinimumVisualStudioVersion = 10.0.40219.1
Project("{FAE04EC0-301F-11D3-BF4B-00C04F79EFBC}") = "SkriptMenuMaker", "SkriptMenuMaker\SkriptMenuMaker.csproj", "{B3F9F5A1-3D24-4D00-993C-1FFBD2B9AC2A}"
EndProject
Global
	GlobalSection(SolutionConfigurationPlatforms) = preSolution
		Debug|Any CPU = Debug|Any CPU
		Release|Any CPU = Release|Any CPU
	EndGlobalSection
	GlobalSection(ProjectConfigurationPlatforms) = postSolution
		{B3F9F5A1-3D24-4D00-993C-1FFBD2B9AC2A}.Debug|Any CPU.ActiveCfg = Debug|Any CPU
		{B3F9F5A1-3D24-4D00-993C-1FFBD2B9AC2A}.Debug|Any CPU.Build.0 = Debug|Any CPU
		{B3F9F5A1-3D24-4D00-993C-1FFBD2B9AC2A}.Release|Any CPU.ActiveCfg = Release|Any CPU
		{B3F9F5A1-3D24-4D00-993C-1FFBD2B9AC2A}.Release|Any CPU.Build.0 = Release|Any CPU
	EndGlobalSection
	GlobalSection(SolutionProperties) = preSolution
		HideSolutionNode = FALSE
	EndGlobalSection
	GlobalSection(ExtensibilityGlobals) = postSolution
		SolutionGuid = {812EA0AD-1AE6-4877-86D1-50088BFFDD7C}
	EndGlobalSection
EndGlobal
